
Microsoft Visual Studio Solution File, Format Version 12.00
# Visual Studio Version 16
VisualStudioVersion = 16.0.29709.97
MinimumVisualStudioVersion = 10.0.40219.1
Project("{FAE04EC0-301F-11D3-BF4B-00C04F79EFBC}") = "RabbitMQ_POC_Consumer", "RabbitMQ_POC_Consumer\RabbitMQ_POC_Consumer.csproj", "{28AB17AA-01EB-4497-A555-E7C90F0255EA}"
EndProject
Project("{FAE04EC0-301F-11D3-BF4B-00C04F79EFBC}") = "RabbitMQ_POC_Exchange", "RabbitMQ_POC_Exchange\RabbitMQ_POC_Exchange.csproj", "{04985349-E44A-44F5-8A32-E19BC79E5002}"
EndProject
Project("{FAE04EC0-301F-11D3-BF4B-00C04F79EFBC}") = "RabbitMQ_POC_Producer", "RabbitMQ_POC_Producer\RabbitMQ_POC_Producer.csproj", "{0627C3EF-3B03-460A-B96B-6EC0ABC16ADA}"
EndProject
Project("{FAE04EC0-301F-11D3-BF4B-00C04F79EFBC}") = "RabbitMQ_POC_Queue", "RabbitMQ_POC_Queue\RabbitMQ_POC_Queue.csproj", "{A8DD7979-EF38-45C7-B582-529C9A787282}"
EndProject
Global
	GlobalSection(SolutionConfigurationPlatforms) = preSolution
		Debug|Any CPU = Debug|Any CPU
		Release|Any CPU = Release|Any CPU
	EndGlobalSection
	GlobalSection(ProjectConfigurationPlatforms) = postSolution
		{28AB17AA-01EB-4497-A555-E7C90F0255EA}.Debug|Any CPU.ActiveCfg = Debug|Any CPU
		{28AB17AA-01EB-4497-A555-E7C90F0255EA}.Debug|Any CPU.Build.0 = Debug|Any CPU
		{28AB17AA-01EB-4497-A555-E7C90F0255EA}.Release|Any CPU.ActiveCfg = Release|Any CPU
		{28AB17AA-01EB-4497-A555-E7C90F0255EA}.Release|Any CPU.Build.0 = Release|Any CPU
		{04985349-E44A-44F5-8A32-E19BC79E5002}.Debug|Any CPU.ActiveCfg = Debug|Any CPU
		{04985349-E44A-44F5-8A32-E19BC79E5002}.Debug|Any CPU.Build.0 = Debug|Any CPU
		{04985349-E44A-44F5-8A32-E19BC79E5002}.Release|Any CPU.ActiveCfg = Release|Any CPU
		{04985349-E44A-44F5-8A32-E19BC79E5002}.Release|Any CPU.Build.0 = Release|Any CPU
		{0627C3EF-3B03-460A-B96B-6EC0ABC16ADA}.Debug|Any CPU.ActiveCfg = Debug|Any CPU
		{0627C3EF-3B03-460A-B96B-6EC0ABC16ADA}.Debug|Any CPU.Build.0 = Debug|Any CPU
		{0627C3EF-3B03-460A-B96B-6EC0ABC16ADA}.Release|Any CPU.ActiveCfg = Release|Any CPU
		{0627C3EF-3B03-460A-B96B-6EC0ABC16ADA}.Release|Any CPU.Build.0 = Release|Any CPU
		{A8DD7979-EF38-45C7-B582-529C9A787282}.Debug|Any CPU.ActiveCfg = Debug|Any CPU
		{A8DD7979-EF38-45C7-B582-529C9A787282}.Debug|Any CPU.Build.0 = Debug|Any CPU
		{A8DD7979-EF38-45C7-B582-529C9A787282}.Release|Any CPU.ActiveCfg = Release|Any CPU
		{A8DD7979-EF38-45C7-B582-529C9A787282}.Release|Any CPU.Build.0 = Release|Any CPU
	EndGlobalSection
	GlobalSection(SolutionProperties) = preSolution
		HideSolutionNode = FALSE
	EndGlobalSection
	GlobalSection(ExtensibilityGlobals) = postSolution
		SolutionGuid = {7A42CA6E-D7B5-47B9-9395-FEBDC9080D9B}
	EndGlobalSection
EndGlobal
