
Microsoft Visual Studio Solution File, Format Version 12.00
# Visual Studio Version 16
VisualStudioVersion = 16.0.29709.97
MinimumVisualStudioVersion = 10.0.40219.1
Project("{FAE04EC0-301F-11D3-BF4B-00C04F79EFBC}") = "RabbitMQ_POC_Consumer", "RabbitMQ_POC_Consumer\RabbitMQ_POC_Consumer.csproj", "{28AB17AA-01EB-4497-A555-E7C90F0255EA}"
EndProject
Project("{FAE04EC0-301F-11D3-BF4B-00C04F79EFBC}") = "RabbitMQ_POC_Exchange", "RabbitMQ_POC_Exchange\RabbitMQ_POC_Exchange.csproj", "{04985349-E44A-44F5-8A32-E19BC79E5002}"
EndProject
Project("{FAE04EC0-301F-11D3-BF4B-00C04F79EFBC}") = "RabbitMQ_POC_Producer", "RabbitMQ_POC_Producer\RabbitMQ_POC_Producer.csproj", "{0627C3EF-3B03-460A-B96B-6EC0ABC16ADA}"
EndProject
Project("{FAE04EC0-301F-11D3-BF4B-00C04F79EFBC}") = "RabbitMQ_POC_Queue", "RabbitMQ_POC_Queue\RabbitMQ_POC_Queue.csproj", "{A8DD7979-EF38-45C7-B582-529C9A787282}"
EndProject
Project("{9A19103F-16F7-4668-BE54-9A1E7A4F7556}") = "RabbitMQ_POC_HeadersExchange", "RabbitMQ_POC_HeadersExchange\RabbitMQ_POC_HeadersExchange.csproj", "{2EDC62D1-7052-4458-ABFB-C7BA2AEFBCF3}"
EndProject
Project("{2150E333-8FDC-42A3-9474-1A3956D46DE8}") = "BasicNodes", "BasicNodes", "{B952150D-AB3B-4B35-AA04-53CD783A2573}"
EndProject
Project("{2150E333-8FDC-42A3-9474-1A3956D46DE8}") = "HeaderMessages", "HeaderMessages", "{5BA4456D-D11D-4AB4-9DE6-37B021B6A108}"
EndProject
Project("{9A19103F-16F7-4668-BE54-9A1E7A4F7556}") = "RabbitMQ_POC_ProducerProperties", "RabbitMQ_POC_ProducerProperties\RabbitMQ_POC_ProducerProperties.csproj", "{50BB2889-4C22-447E-8EFF-512BFC5E2DEE}"
EndProject
Project("{9A19103F-16F7-4668-BE54-9A1E7A4F7556}") = "RabbitMQ_POC_ConsumerEvents", "RabbitMQ_POC_ConsumerEvents\RabbitMQ_POC_ConsumerEvents.csproj", "{CDAD9A62-4446-4F78-B529-0C63B106D274}"
EndProject
Project("{FAE04EC0-301F-11D3-BF4B-00C04F79EFBC}") = "RabbitMQ_POC_QueueArguments", "RabbitMQ_POC_QueueArguments\RabbitMQ_POC_QueueArguments.csproj", "{D23E4758-DD9C-4C0F-BD4E-A6D052022F52}"
EndProject
Global
	GlobalSection(SolutionConfigurationPlatforms) = preSolution
		Debug|Any CPU = Debug|Any CPU
		Release|Any CPU = Release|Any CPU
	EndGlobalSection
	GlobalSection(ProjectConfigurationPlatforms) = postSolution
		{28AB17AA-01EB-4497-A555-E7C90F0255EA}.Debug|Any CPU.ActiveCfg = Debug|Any CPU
		{28AB17AA-01EB-4497-A555-E7C90F0255EA}.Debug|Any CPU.Build.0 = Debug|Any CPU
		{28AB17AA-01EB-4497-A555-E7C90F0255EA}.Release|Any CPU.ActiveCfg = Release|Any CPU
		{28AB17AA-01EB-4497-A555-E7C90F0255EA}.Release|Any CPU.Build.0 = Release|Any CPU
		{04985349-E44A-44F5-8A32-E19BC79E5002}.Debug|Any CPU.ActiveCfg = Debug|Any CPU
		{04985349-E44A-44F5-8A32-E19BC79E5002}.Debug|Any CPU.Build.0 = Debug|Any CPU
		{04985349-E44A-44F5-8A32-E19BC79E5002}.Release|Any CPU.ActiveCfg = Release|Any CPU
		{04985349-E44A-44F5-8A32-E19BC79E5002}.Release|Any CPU.Build.0 = Release|Any CPU
		{0627C3EF-3B03-460A-B96B-6EC0ABC16ADA}.Debug|Any CPU.ActiveCfg = Debug|Any CPU
		{0627C3EF-3B03-460A-B96B-6EC0ABC16ADA}.Debug|Any CPU.Build.0 = Debug|Any CPU
		{0627C3EF-3B03-460A-B96B-6EC0ABC16ADA}.Release|Any CPU.ActiveCfg = Release|Any CPU
		{0627C3EF-3B03-460A-B96B-6EC0ABC16ADA}.Release|Any CPU.Build.0 = Release|Any CPU
		{A8DD7979-EF38-45C7-B582-529C9A787282}.Debug|Any CPU.ActiveCfg = Debug|Any CPU
		{A8DD7979-EF38-45C7-B582-529C9A787282}.Debug|Any CPU.Build.0 = Debug|Any CPU
		{A8DD7979-EF38-45C7-B582-529C9A787282}.Release|Any CPU.ActiveCfg = Release|Any CPU
		{A8DD7979-EF38-45C7-B582-529C9A787282}.Release|Any CPU.Build.0 = Release|Any CPU
		{2EDC62D1-7052-4458-ABFB-C7BA2AEFBCF3}.Debug|Any CPU.ActiveCfg = Debug|Any CPU
		{2EDC62D1-7052-4458-ABFB-C7BA2AEFBCF3}.Debug|Any CPU.Build.0 = Debug|Any CPU
		{2EDC62D1-7052-4458-ABFB-C7BA2AEFBCF3}.Release|Any CPU.ActiveCfg = Release|Any CPU
		{2EDC62D1-7052-4458-ABFB-C7BA2AEFBCF3}.Release|Any CPU.Build.0 = Release|Any CPU
		{50BB2889-4C22-447E-8EFF-512BFC5E2DEE}.Debug|Any CPU.ActiveCfg = Debug|Any CPU
		{50BB2889-4C22-447E-8EFF-512BFC5E2DEE}.Debug|Any CPU.Build.0 = Debug|Any CPU
		{50BB2889-4C22-447E-8EFF-512BFC5E2DEE}.Release|Any CPU.ActiveCfg = Release|Any CPU
		{50BB2889-4C22-447E-8EFF-512BFC5E2DEE}.Release|Any CPU.Build.0 = Release|Any CPU
		{CDAD9A62-4446-4F78-B529-0C63B106D274}.Debug|Any CPU.ActiveCfg = Debug|Any CPU
		{CDAD9A62-4446-4F78-B529-0C63B106D274}.Debug|Any CPU.Build.0 = Debug|Any CPU
		{CDAD9A62-4446-4F78-B529-0C63B106D274}.Release|Any CPU.ActiveCfg = Release|Any CPU
		{CDAD9A62-4446-4F78-B529-0C63B106D274}.Release|Any CPU.Build.0 = Release|Any CPU
		{D23E4758-DD9C-4C0F-BD4E-A6D052022F52}.Debug|Any CPU.ActiveCfg = Debug|Any CPU
		{D23E4758-DD9C-4C0F-BD4E-A6D052022F52}.Debug|Any CPU.Build.0 = Debug|Any CPU
		{D23E4758-DD9C-4C0F-BD4E-A6D052022F52}.Release|Any CPU.ActiveCfg = Release|Any CPU
		{D23E4758-DD9C-4C0F-BD4E-A6D052022F52}.Release|Any CPU.Build.0 = Release|Any CPU
	EndGlobalSection
	GlobalSection(SolutionProperties) = preSolution
		HideSolutionNode = FALSE
	EndGlobalSection
	GlobalSection(NestedProjects) = preSolution
		{28AB17AA-01EB-4497-A555-E7C90F0255EA} = {B952150D-AB3B-4B35-AA04-53CD783A2573}
		{04985349-E44A-44F5-8A32-E19BC79E5002} = {B952150D-AB3B-4B35-AA04-53CD783A2573}
		{0627C3EF-3B03-460A-B96B-6EC0ABC16ADA} = {B952150D-AB3B-4B35-AA04-53CD783A2573}
		{A8DD7979-EF38-45C7-B582-529C9A787282} = {B952150D-AB3B-4B35-AA04-53CD783A2573}
		{2EDC62D1-7052-4458-ABFB-C7BA2AEFBCF3} = {5BA4456D-D11D-4AB4-9DE6-37B021B6A108}
		{50BB2889-4C22-447E-8EFF-512BFC5E2DEE} = {5BA4456D-D11D-4AB4-9DE6-37B021B6A108}
		{D23E4758-DD9C-4C0F-BD4E-A6D052022F52} = {5BA4456D-D11D-4AB4-9DE6-37B021B6A108}
	EndGlobalSection
	GlobalSection(ExtensibilityGlobals) = postSolution
		SolutionGuid = {7A42CA6E-D7B5-47B9-9395-FEBDC9080D9B}
	EndGlobalSection
EndGlobal
